// !$*UTF8*$!
{
	archiveVersion = 1;
	classes = {
	};
	objectVersion = 77;
	objects = {

/* Begin PBXBuildFile section */
		53701DFF2FB1D02100A9A5E6 /* FirebaseCore in Frameworks */ = {isa = PBXBuildFile; productRef = 5349A7A02FA4CC2E0012EED6 /* FirebaseCore */; };
		53701E002FB1D02100A9A5E6 /* FirebaseCrashlytics in Frameworks */ = {isa = PBXBuildFile; productRef = 5349A7A12FA4CC2E0012EED6 /* FirebaseCrashlytics */; };
		53701E012FB1D02100A9A5E6 /* AmplitudeSwift in Frameworks */ = {isa = PBXBuildFile; productRef = 5349A7A22FA4CC2E0012EED6 /* AmplitudeSwift */; };
		53701E022FB1D02100A9A5E6 /* AppsFlyerLib in Frameworks */ = {isa = PBXBuildFile; productRef = 5349A7A32FA4CC2E0012EED6 /* AppsFlyerLib */; };
		53701EBF2FB3767600A9A5E6 /* FirebaseMessaging in Frameworks */ = {isa = PBXBuildFile; productRef = 53701EBE2FB3767600A9A5E6 /* FirebaseMessaging */; };
		A00101032FA4CC2E0012EED6 /* NotificationService.swift in Sources */ = {isa = PBXBuildFile; fileRef = A00101012FA4CC2E0012EED6 /* NotificationService.swift */; };
		A00101042FA4CC2E0012EED6 /* GlowBounceNotificationService.appex in Embed Foundation Extensions */ = {isa = PBXBuildFile; fileRef = A00101022FA4CC2E0012EED6 /* GlowBounceNotificationService.appex */; settings = {ATTRIBUTES = (RemoveHeadersOnCopy, ); }; };
/* End PBXBuildFile section */

/* Begin PBXContainerItemProxy section */
		A00101152FA4CC2E0012EED6 /* PBXContainerItemProxy */ = {
			isa = PBXContainerItemProxy;
			containerPortal = 5349A76B2FA4CC2E0012EED5 /* Project object */;
			proxyType = 1;
			remoteGlobalIDString = A00101052FA4CC2E0012EED6;
			remoteInfo = GlowBounceNotificationService;
		};
/* End PBXContainerItemProxy section */

/* Begin PBXCopyFilesBuildPhase section */
		A00101092FA4CC2E0012EED6 /* Embed Foundation Extensions */ = {
			isa = PBXCopyFilesBuildPhase;
			buildActionMask = 2147483647;
			dstPath = "";
			dstSubfolderSpec = 13;
			files = (
				A00101042FA4CC2E0012EED6 /* GlowBounceNotificationService.appex in Embed Foundation Extensions */,
			);
			name = "Embed Foundation Extensions";
			runOnlyForDeploymentPostprocessing = 0;
		};
/* End PBXCopyFilesBuildPhase section */

/* Begin PBXFileReference section */
		5349A7732FA4CC2E0012EED5 /* Glow Bounce.app */ = {isa = PBXFileReference; explicitFileType = wrapper.application; includeInIndex = 0; path = "Glow Bounce.app"; sourceTree = BUILT_PRODUCTS_DIR; };
		A00101012FA4CC2E0012EED6 /* NotificationService.swift */ = {isa = PBXFileReference; lastKnownFileType = sourcecode.swift; path = NotificationService.swift; sourceTree = "<group>"; };
		A00101022FA4CC2E0012EED6 /* GlowBounceNotificationService.appex */ = {isa = PBXFileReference; explicitFileType = "wrapper.app-extension"; includeInIndex = 0; path = GlowBounceNotificationService.appex; sourceTree = BUILT_PRODUCTS_DIR; };
		A00101172FA4CC2E0012EED6 /* Info.plist */ = {isa = PBXFileReference; lastKnownFileType = text.plist.xml; path = Info.plist; sourceTree = "<group>"; };
/* End PBXFileReference section */

/* Begin PBXFileSystemSynchronizedRootGroup section */
		5349A7752FA4CC2E0012EED5 /* game_2 */ = {
			isa = PBXFileSystemSynchronizedRootGroup;
			path = game_2;
			sourceTree = "<group>";
		};
/* End PBXFileSystemSynchronizedRootGroup section */

/* Begin PBXFrameworksBuildPhase section */
		5349A7702FA4CC2E0012EED5 /* Frameworks */ = {
			isa = PBXFrameworksBuildPhase;
			buildActionMask = 2147483647;
			files = (
				53701E022FB1D02100A9A5E6 /* AppsFlyerLib in Frameworks */,
				53701E012FB1D02100A9A5E6 /* AmplitudeSwift in Frameworks */,
				53701EBF2FB3767600A9A5E6 /* FirebaseMessaging in Frameworks */,
				53701E002FB1D02100A9A5E6 /* FirebaseCrashlytics in Frameworks */,
				53701DFF2FB1D02100A9A5E6 /* FirebaseCore in Frameworks */,
			);
			runOnlyForDeploymentPostprocessing = 0;
		};
		A00101072FA4CC2E0012EED6 /* Frameworks */ = {
			isa = PBXFrameworksBuildPhase;
			buildActionMask = 2147483647;
			files = (
			);
			runOnlyForDeploymentPostprocessing = 0;
		};
/* End PBXFrameworksBuildPhase section */

/* Begin PBXGroup section */
		5349A76A2FA4CC2E0012EED5 = {
			isa = PBXGroup;
			children = (
				5349A7752FA4CC2E0012EED5 /* game_2 */,
				A00101162FA4CC2E0012EED6 /* GlowBounceNotificationService */,
				53701EBD2FB3767600A9A5E6 /* Frameworks */,
				5349A7742FA4CC2E0012EED5 /* Products */,
			);
			sourceTree = "<group>";
		};
		5349A7742FA4CC2E0012EED5 /* Products */ = {
			isa = PBXGroup;
			children = (
				5349A7732FA4CC2E0012EED5 /* Glow Bounce.app */,
				A00101022FA4CC2E0012EED6 /* GlowBounceNotificationService.appex */,
			);
			name = Products;
			sourceTree = "<group>";
		};
		53701EBD2FB3767600A9A5E6 /* Frameworks */ = {
			isa = PBXGroup;
			children = (
			);
			name = Frameworks;
			sourceTree = "<group>";
		};
		A00101162FA4CC2E0012EED6 /* GlowBounceNotificationService */ = {
			isa = PBXGroup;
			children = (
				A00101012FA4CC2E0012EED6 /* NotificationService.swift */,
				A00101172FA4CC2E0012EED6 /* Info.plist */,
			);
			path = GlowBounceNotificationService;
			sourceTree = "<group>";
		};
/* End PBXGroup section */

/* Begin PBXNativeTarget section */
		5349A7722FA4CC2E0012EED5 /* game_2 */ = {
			isa = PBXNativeTarget;
			buildConfigurationList = 5349A78A2FA4CC2F0012EED5 /* Build configuration list for PBXNativeTarget "game_2" */;
			buildPhases = (
				5349A76F2FA4CC2E0012EED5 /* Sources */,
				5349A7702FA4CC2E0012EED5 /* Frameworks */,
				5349A7712FA4CC2E0012EED5 /* Resources */,
				A00101092FA4CC2E0012EED6 /* Embed Foundation Extensions */,
			);
			buildRules = (
			);
			dependencies = (
				A00101132FA4CC2E0012EED6 /* PBXTargetDependency */,
			);
			fileSystemSynchronizedGroups = (
				5349A7752FA4CC2E0012EED5 /* game_2 */,
			);
			name = game_2;
			packageProductDependencies = (
				5349A7A02FA4CC2E0012EED6 /* FirebaseCore */,
				5349A7A12FA4CC2E0012EED6 /* FirebaseCrashlytics */,
				5349A7A22FA4CC2E0012EED6 /* AmplitudeSwift */,
				5349A7A32FA4CC2E0012EED6 /* AppsFlyerLib */,
				53701EBE2FB3767600A9A5E6 /* FirebaseMessaging */,
			);
			productName = game_2;
			productReference = 5349A7732FA4CC2E0012EED5 /* Glow Bounce.app */;
			productType = "com.apple.product-type.application";
		};
		A00101052FA4CC2E0012EED6 /* GlowBounceNotificationService */ = {
			isa = PBXNativeTarget;
			buildConfigurationList = A00101192FA4CC2E0012EED6 /* Build configuration list for PBXNativeTarget "GlowBounceNotificationService" */;
			buildPhases = (
				A00101062FA4CC2E0012EED6 /* Sources */,
				A00101072FA4CC2E0012EED6 /* Frameworks */,
				A00101082FA4CC2E0012EED6 /* Resources */,
			);
			buildRules = (
			);
			dependencies = (
			);
			name = GlowBounceNotificationService;
			productName = GlowBounceNotificationService;
			productReference = A00101022FA4CC2E0012EED6 /* GlowBounceNotificationService.appex */;
			productType = "com.apple.product-type.app-extension";
		};
/* End PBXNativeTarget section */

/* Begin PBXProject section */
		5349A76B2FA4CC2E0012EED5 /* Project object */ = {
			isa = PBXProject;
			attributes = {
				BuildIndependentTargetsInParallel = 1;
				LastSwiftUpdateCheck = 2620;
				LastUpgradeCheck = 2620;
				TargetAttributes = {
					5349A7722FA4CC2E0012EED5 = {
						CreatedOnToolsVersion = 26.2;
					};
					A00101052FA4CC2E0012EED6 = {
						CreatedOnToolsVersion = 26.2;
					};
				};
			};
			buildConfigurationList = 5349A76E2FA4CC2E0012EED5 /* Build configuration list for PBXProject "game_2" */;
			developmentRegion = en;
			hasScannedForEncodings = 0;
			knownRegions = (
				en,
				Base,
			);
			mainGroup = 5349A76A2FA4CC2E0012EED5;
			minimizedProjectReferenceProxies = 1;
			packageReferences = (
				5349A7902FA4CC2E0012EED6 /* XCRemoteSwiftPackageReference "firebase-ios-sdk" */,
				5349A7912FA4CC2E0012EED6 /* XCRemoteSwiftPackageReference "Amplitude-Swift" */,
				5349A7922FA4CC2E0012EED6 /* XCRemoteSwiftPackageReference "AppsFlyerFramework" */,
			);
			preferredProjectObjectVersion = 77;
			productRefGroup = 5349A7742FA4CC2E0012EED5 /* Products */;
			projectDirPath = "";
			projectRoot = "";
			targets = (
				5349A7722FA4CC2E0012EED5 /* game_2 */,
				A00101052FA4CC2E0012EED6 /* GlowBounceNotificationService */,
			);
		};
/* End PBXProject section */

/* Begin PBXResourcesBuildPhase section */
		5349A7712FA4CC2E0012EED5 /* Resources */ = {
			isa = PBXResourcesBuildPhase;
			buildActionMask = 2147483647;
			files = (
			);
			runOnlyForDeploymentPostprocessing = 0;
		};
		A00101082FA4CC2E0012EED6 /* Resources */ = {
			isa = PBXResourcesBuildPhase;
			buildActionMask = 2147483647;
			files = (
			);
			runOnlyForDeploymentPostprocessing = 0;
		};
/* End PBXResourcesBuildPhase section */

/* Begin PBXSourcesBuildPhase section */
		5349A76F2FA4CC2E0012EED5 /* Sources */ = {
			isa = PBXSourcesBuildPhase;
			buildActionMask = 2147483647;
			files = (
			);
			runOnlyForDeploymentPostprocessing = 0;
		};
		A00101062FA4CC2E0012EED6 /* Sources */ = {
			isa = PBXSourcesBuildPhase;
			buildActionMask = 2147483647;
			files = (
				A00101032FA4CC2E0012EED6 /* NotificationService.swift in Sources */,
			);
			runOnlyForDeploymentPostprocessing = 0;
		};
/* End PBXSourcesBuildPhase section */

/* Begin PBXTargetDependency section */
		A00101132FA4CC2E0012EED6 /* PBXTargetDependency */ = {
			isa = PBXTargetDependency;
			target = A00101052FA4CC2E0012EED6 /* GlowBounceNotificationService */;
			targetProxy = A00101152FA4CC2E0012EED6 /* PBXContainerItemProxy */;
		};
/* End PBXTargetDependency section */

/* Begin XCBuildConfiguration section */
		5349A7882FA4CC2F0012EED5 /* Debug */ = {
			isa = XCBuildConfiguration;
			buildSettings = {
				ALWAYS_SEARCH_USER_PATHS = NO;
				ASSETCATALOG_COMPILER_GENERATE_SWIFT_ASSET_SYMBOL_EXTENSIONS = YES;
				CLANG_ANALYZER_NONNULL = YES;
				CLANG_ANALYZER_NUMBER_OBJECT_CONVERSION = YES_AGGRESSIVE;
				CLANG_CXX_LANGUAGE_STANDARD = "gnu++20";
				CLANG_ENABLE_MODULES = YES;
				CLANG_ENABLE_OBJC_ARC = YES;
				CLANG_ENABLE_OBJC_WEAK = YES;
				CLANG_WARN_BLOCK_CAPTURE_AUTORELEASING = YES;
				CLANG_WARN_BOOL_CONVERSION = YES;
				CLANG_WARN_COMMA = YES;
				CLANG_WARN_CONSTANT_CONVERSION = YES;
				CLANG_WARN_DEPRECATED_OBJC_IMPLEMENTATIONS = YES;
				CLANG_WARN_DIRECT_OBJC_ISA_USAGE = YES_ERROR;
				CLANG_WARN_DOCUMENTATION_COMMENTS = YES;
				CLANG_WARN_EMPTY_BODY = YES;
				CLANG_WARN_ENUM_CONVERSION = YES;
				CLANG_WARN_INFINITE_RECURSION = YES;
				CLANG_WARN_INT_CONVERSION = YES;
				CLANG_WARN_NON_LITERAL_NULL_CONVERSION = YES;
				CLANG_WARN_OBJC_IMPLICIT_RETAIN_SELF = YES;
				CLANG_WARN_OBJC_LITERAL_CONVERSION = YES;
				CLANG_WARN_OBJC_ROOT_CLASS = YES_ERROR;
				CLANG_WARN_QUOTED_INCLUDE_IN_FRAMEWORK_HEADER = YES;
				CLANG_WARN_RANGE_LOOP_ANALYSIS = YES;
				CLANG_WARN_STRICT_PROTOTYPES = YES;
				CLANG_WARN_SUSPICIOUS_MOVE = YES;
				CLANG_WARN_UNGUARDED_AVAILABILITY = YES_AGGRESSIVE;
				CLANG_WARN_UNREACHABLE_CODE = YES;
				CLANG_WARN__DUPLICATE_METHOD_MATCH = YES;
				COPY_PHASE_STRIP = NO;
				DEBUG_INFORMATION_FORMAT = dwarf;
				DEVELOPMENT_TEAM = C4QZKCN6PP;
				ENABLE_STRICT_OBJC_MSGSEND = YES;
				ENABLE_TESTABILITY = YES;
				ENABLE_USER_SCRIPT_SANDBOXING = YES;
				GCC_C_LANGUAGE_STANDARD = gnu17;
				GCC_DYNAMIC_NO_PIC = NO;
				GCC_NO_COMMON_BLOCKS = YES;
				GCC_OPTIMIZATION_LEVEL = 0;
				GCC_PREPROCESSOR_DEFINITIONS = (
					"DEBUG=1",
					"$(inherited)",
				);
				GCC_WARN_64_TO_32_BIT_CONVERSION = YES;
				GCC_WARN_ABOUT_RETURN_TYPE = YES_ERROR;
				GCC_WARN_UNDECLARED_SELECTOR = YES;
				GCC_WARN_UNINITIALIZED_AUTOS = YES_AGGRESSIVE;
				GCC_WARN_UNUSED_FUNCTION = YES;
				GCC_WARN_UNUSED_VARIABLE = YES;
				IPHONEOS_DEPLOYMENT_TARGET = 26.2;
				LOCALIZATION_PREFERS_STRING_CATALOGS = YES;
				MTL_ENABLE_DEBUG_INFO = INCLUDE_SOURCE;
				MTL_FAST_MATH = YES;
				ONLY_ACTIVE_ARCH = YES;
				SDKROOT = iphoneos;
				SWIFT_ACTIVE_COMPILATION_CONDITIONS = "DEBUG $(inherited)";
				SWIFT_OPTIMIZATION_LEVEL = "-Onone";
			};
			name = Debug;
		};
		5349A7892FA4CC2F0012EED5 /* Release */ = {
			isa = XCBuildConfiguration;
			buildSettings = {
				ALWAYS_SEARCH_USER_PATHS = NO;
				ASSETCATALOG_COMPILER_GENERATE_SWIFT_ASSET_SYMBOL_EXTENSIONS = YES;
				CLANG_ANALYZER_NONNULL = YES;
				CLANG_ANALYZER_NUMBER_OBJECT_CONVERSION = YES_AGGRESSIVE;
				CLANG_CXX_LANGUAGE_STANDARD = "gnu++20";
				CLANG_ENABLE_MODULES = YES;
				CLANG_ENABLE_OBJC_ARC = YES;
				CLANG_ENABLE_OBJC_WEAK = YES;
				CLANG_WARN_BLOCK_CAPTURE_AUTORELEASING = YES;
				CLANG_WARN_BOOL_CONVERSION = YES;
				CLANG_WARN_COMMA = YES;
				CLANG_WARN_CONSTANT_CONVERSION = YES;
				CLANG_WARN_DEPRECATED_OBJC_IMPLEMENTATIONS = YES;
				CLANG_WARN_DIRECT_OBJC_ISA_USAGE = YES_ERROR;
				CLANG_WARN_DOCUMENTATION_COMMENTS = YES;
				CLANG_WARN_EMPTY_BODY = YES;
				CLANG_WARN_ENUM_CONVERSION = YES;
				CLANG_WARN_INFINITE_RECURSION = YES;
				CLANG_WARN_INT_CONVERSION = YES;
				CLANG_WARN_NON_LITERAL_NULL_CONVERSION = YES;
				CLANG_WARN_OBJC_IMPLICIT_RETAIN_SELF = YES;
				CLANG_WARN_OBJC_LITERAL_CONVERSION = YES;
				CLANG_WARN_OBJC_ROOT_CLASS = YES_ERROR;
				CLANG_WARN_QUOTED_INCLUDE_IN_FRAMEWORK_HEADER = YES;
				CLANG_WARN_RANGE_LOOP_ANALYSIS = YES;
				CLANG_WARN_STRICT_PROTOTYPES = YES;
				CLANG_WARN_SUSPICIOUS_MOVE = YES;
				CLANG_WARN_UNGUARDED_AVAILABILITY = YES_AGGRESSIVE;
				CLANG_WARN_UNREACHABLE_CODE = YES;
				CLANG_WARN__DUPLICATE_METHOD_MATCH = YES;
				COPY_PHASE_STRIP = NO;
				DEBUG_INFORMATION_FORMAT = "dwarf-with-dsym";
				DEVELOPMENT_TEAM = C4QZKCN6PP;
				ENABLE_NS_ASSERTIONS = NO;
				ENABLE_STRICT_OBJC_MSGSEND = YES;
				ENABLE_USER_SCRIPT_SANDBOXING = YES;
				GCC_C_LANGUAGE_STANDARD = gnu17;
				GCC_NO_COMMON_BLOCKS = YES;
				GCC_WARN_64_TO_32_BIT_CONVERSION = YES;
				GCC_WARN_ABOUT_RETURN_TYPE = YES_ERROR;
				GCC_WARN_UNDECLARED_SELECTOR = YES;
				GCC_WARN_UNINITIALIZED_AUTOS = YES_AGGRESSIVE;
				GCC_WARN_UNUSED_FUNCTION = YES;
				GCC_WARN_UNUSED_VARIABLE = YES;
				IPHONEOS_DEPLOYMENT_TARGET = 26.2;
				LOCALIZATION_PREFERS_STRING_CATALOGS = YES;
				MTL_ENABLE_DEBUG_INFO = NO;
				MTL_FAST_MATH = YES;
				SDKROOT = iphoneos;
				SWIFT_COMPILATION_MODE = wholemodule;
				VALIDATE_PRODUCT = YES;
			};
			name = Release;
		};
		5349A78B2FA4CC2F0012EED5 /* Debug */ = {
			isa = XCBuildConfiguration;
			buildSettings = {
				ASSETCATALOG_COMPILER_APPICON_NAME = AppIcon;
				ASSETCATALOG_COMPILER_GLOBAL_ACCENT_COLOR_NAME = AccentColor;
				CODE_SIGN_ENTITLEMENTS = game_2/game_2.entitlements;
				CODE_SIGN_STYLE = Automatic;
				CURRENT_PROJECT_VERSION = 1;
				DEVELOPMENT_TEAM = 3P8SG6Q8LB;
				GENERATE_INFOPLIST_FILE = YES;
				INFOPLIST_FILE = "game-2-Info.plist";
				INFOPLIST_KEY_CFBundleDisplayName = "Glow Bounce";
				INFOPLIST_KEY_NSCameraUsageDescription = "Camera access is used when you choose to take a photo to upload on the website.";
				INFOPLIST_KEY_NSPhotoLibraryUsageDescription = "Photo library access is used when you choose a profile picture in game settings.";
				INFOPLIST_KEY_NSUserNotificationsUsageDescription = "We send offers, reminders, and important updates about your activity in the app.";
				INFOPLIST_KEY_NSUserTrackingUsageDescription = "This identifier is used to measure ad performance and partner analytics (AppsFlyer).";
				INFOPLIST_KEY_UIApplicationSupportsIndirectInputEvents = YES;
				INFOPLIST_KEY_UIBackgroundModes = "remote-notification";
				INFOPLIST_KEY_UILaunchStoryboardName = LaunchScreen;
				INFOPLIST_KEY_UIMainStoryboardFile = Main;
				INFOPLIST_KEY_UIStatusBarHidden = YES;
				INFOPLIST_KEY_UISupportedInterfaceOrientations_iPad = "UIInterfaceOrientationPortrait UIInterfaceOrientationPortraitUpsideDown UIInterfaceOrientationLandscapeLeft UIInterfaceOrientationLandscapeRight";
				INFOPLIST_KEY_UISupportedInterfaceOrientations_iPhone = "UIInterfaceOrientationPortrait UIInterfaceOrientationLandscapeLeft UIInterfaceOrientationLandscapeRight";
				IPHONEOS_DEPLOYMENT_TARGET = 18;
				LD_RUNPATH_SEARCH_PATHS = (
					"$(inherited)",
					"@executable_path/Frameworks",
				);
				MARKETING_VERSION = 1.1.2;
				PRODUCT_BUNDLE_IDENTIFIER = com.igordaurenev.glowbounce.app;
				PRODUCT_NAME = "Glow Bounce";
				STRING_CATALOG_GENERATE_SYMBOLS = YES;
				SUPPORTED_PLATFORMS = "iphoneos iphonesimulator";
				SUPPORTS_MACCATALYST = NO;
				SUPPORTS_MAC_DESIGNED_FOR_IPHONE_IPAD = NO;
				SUPPORTS_XR_DESIGNED_FOR_IPHONE_IPAD = NO;
				SWIFT_APPROACHABLE_CONCURRENCY = YES;
				SWIFT_DEFAULT_ACTOR_ISOLATION = MainActor;
				SWIFT_EMIT_LOC_STRINGS = YES;
				SWIFT_UPCOMING_FEATURE_MEMBER_IMPORT_VISIBILITY = YES;
				SWIFT_VERSION = 5.0;
				TARGETED_DEVICE_FAMILY = 1;
			};
			name = Debug;
		};
		5349A78C2FA4CC2F0012EED5 /* Release */ = {
			isa = XCBuildConfiguration;
			buildSettings = {
				ASSETCATALOG_COMPILER_APPICON_NAME = AppIcon;
				ASSETCATALOG_COMPILER_GLOBAL_ACCENT_COLOR_NAME = AccentColor;
				CODE_SIGN_ENTITLEMENTS = game_2/game_2.entitlements;
				CODE_SIGN_STYLE = Automatic;
				CURRENT_PROJECT_VERSION = 1;
				DEVELOPMENT_TEAM = 3P8SG6Q8LB;
				GENERATE_INFOPLIST_FILE = YES;
				INFOPLIST_FILE = "game-2-Info.plist";
				INFOPLIST_KEY_CFBundleDisplayName = "Glow Bounce";
				INFOPLIST_KEY_NSCameraUsageDescription = "Camera access is used when you choose to take a photo to upload on the website.";
				INFOPLIST_KEY_NSPhotoLibraryUsageDescription = "Photo library access is used when you choose a profile picture in game settings.";
				INFOPLIST_KEY_NSUserNotificationsUsageDescription = "We send offers, reminders, and important updates about your activity in the app.";
				INFOPLIST_KEY_NSUserTrackingUsageDescription = "This identifier is used to measure ad performance and partner analytics (AppsFlyer).";
				INFOPLIST_KEY_UIApplicationSupportsIndirectInputEvents = YES;
				INFOPLIST_KEY_UIBackgroundModes = "remote-notification";
				INFOPLIST_KEY_UILaunchStoryboardName = LaunchScreen;
				INFOPLIST_KEY_UIMainStoryboardFile = Main;
				INFOPLIST_KEY_UIStatusBarHidden = YES;
				INFOPLIST_KEY_UISupportedInterfaceOrientations_iPad = "UIInterfaceOrientationPortrait UIInterfaceOrientationPortraitUpsideDown UIInterfaceOrientationLandscapeLeft UIInterfaceOrientationLandscapeRight";
				INFOPLIST_KEY_UISupportedInterfaceOrientations_iPhone = "UIInterfaceOrientationPortrait UIInterfaceOrientationLandscapeLeft UIInterfaceOrientationLandscapeRight";
				IPHONEOS_DEPLOYMENT_TARGET = 18;
				LD_RUNPATH_SEARCH_PATHS = (
					"$(inherited)",
					"@executable_path/Frameworks",
				);
				MARKETING_VERSION = 1.1.2;
				PRODUCT_BUNDLE_IDENTIFIER = com.igordaurenev.glowbounce.app;
				PRODUCT_NAME = "Glow Bounce";
				STRING_CATALOG_GENERATE_SYMBOLS = YES;
				SUPPORTED_PLATFORMS = "iphoneos iphonesimulator";
				SUPPORTS_MACCATALYST = NO;
				SUPPORTS_MAC_DESIGNED_FOR_IPHONE_IPAD = NO;
				SUPPORTS_XR_DESIGNED_FOR_IPHONE_IPAD = NO;
				SWIFT_APPROACHABLE_CONCURRENCY = YES;
				SWIFT_DEFAULT_ACTOR_ISOLATION = MainActor;
				SWIFT_EMIT_LOC_STRINGS = YES;
				SWIFT_UPCOMING_FEATURE_MEMBER_IMPORT_VISIBILITY = YES;
				SWIFT_VERSION = 5.0;
				TARGETED_DEVICE_FAMILY = 1;
			};
			name = Release;
		};
		A001011A2FA4CC2E0012EED6 /* Debug */ = {
			isa = XCBuildConfiguration;
			buildSettings = {
				CODE_SIGN_STYLE = Automatic;
				CURRENT_PROJECT_VERSION = 1;
				DEVELOPMENT_TEAM = C4QZKCN6PP;
				GENERATE_INFOPLIST_FILE = NO;
				INFOPLIST_FILE = GlowBounceNotificationService/Info.plist;
				IPHONEOS_DEPLOYMENT_TARGET = 18;
				LD_RUNPATH_SEARCH_PATHS = (
					"$(inherited)",
					"@executable_path/Frameworks",
					"@executable_path/../../Frameworks",
				);
				MARKETING_VERSION = 1.0;
				PRODUCT_BUNDLE_IDENTIFIER = com.igordaurenev.glowbounce.app.NotificationService;
				PRODUCT_NAME = GlowBounceNotificationService;
				SKIP_INSTALL = YES;
				SWIFT_APPROACHABLE_CONCURRENCY = YES;
				SWIFT_EMIT_LOC_STRINGS = NO;
				SWIFT_VERSION = 5.0;
				TARGETED_DEVICE_FAMILY = 1;
			};
			name = Debug;
		};
		A001011B2FA4CC2E0012EED6 /* Release */ = {
			isa = XCBuildConfiguration;
			buildSettings = {
				CODE_SIGN_STYLE = Automatic;
				CURRENT_PROJECT_VERSION = 1;
				DEVELOPMENT_TEAM = C4QZKCN6PP;
				GENERATE_INFOPLIST_FILE = NO;
				INFOPLIST_FILE = GlowBounceNotificationService/Info.plist;
				IPHONEOS_DEPLOYMENT_TARGET = 18;
				LD_RUNPATH_SEARCH_PATHS = (
					"$(inherited)",
					"@executable_path/Frameworks",
					"@executable_path/../../Frameworks",
				);
				MARKETING_VERSION = 1.0;
				PRODUCT_BUNDLE_IDENTIFIER = com.igordaurenev.glowbounce.app.NotificationService;
				PRODUCT_NAME = GlowBounceNotificationService;
				SKIP_INSTALL = YES;
				SWIFT_APPROACHABLE_CONCURRENCY = YES;
				SWIFT_EMIT_LOC_STRINGS = NO;
				SWIFT_VERSION = 5.0;
				TARGETED_DEVICE_FAMILY = 1;
			};
			name = Release;
		};
/* End XCBuildConfiguration section */

/* Begin XCConfigurationList section */
		5349A76E2FA4CC2E0012EED5 /* Build configuration list for PBXProject "game_2" */ = {
			isa = XCConfigurationList;
			buildConfigurations = (
				5349A7882FA4CC2F0012EED5 /* Debug */,
				5349A7892FA4CC2F0012EED5 /* Release */,
			);
			defaultConfigurationIsVisible = 0;
			defaultConfigurationName = Release;
		};
		5349A78A2FA4CC2F0012EED5 /* Build configuration list for PBXNativeTarget "game_2" */ = {
			isa = XCConfigurationList;
			buildConfigurations = (
				5349A78B2FA4CC2F0012EED5 /* Debug */,
				5349A78C2FA4CC2F0012EED5 /* Release */,
			);
			defaultConfigurationIsVisible = 0;
			defaultConfigurationName = Release;
		};
		A00101192FA4CC2E0012EED6 /* Build configuration list for PBXNativeTarget "GlowBounceNotificationService" */ = {
			isa = XCConfigurationList;
			buildConfigurations = (
				A001011A2FA4CC2E0012EED6 /* Debug */,
				A001011B2FA4CC2E0012EED6 /* Release */,
			);
			defaultConfigurationIsVisible = 0;
			defaultConfigurationName = Release;
		};
/* End XCConfigurationList section */

/* Begin XCRemoteSwiftPackageReference section */
		5349A7902FA4CC2E0012EED6 /* XCRemoteSwiftPackageReference "firebase-ios-sdk" */ = {
			isa = XCRemoteSwiftPackageReference;
			repositoryURL = "https://github.com/firebase/firebase-ios-sdk";
			requirement = {
				kind = upToNextMajorVersion;
				minimumVersion = 11.0.0;
			};
		};
		5349A7912FA4CC2E0012EED6 /* XCRemoteSwiftPackageReference "Amplitude-Swift" */ = {
			isa = XCRemoteSwiftPackageReference;
			repositoryURL = "https://github.com/amplitude/Amplitude-Swift";
			requirement = {
				kind = upToNextMajorVersion;
				minimumVersion = 1.0.0;
			};
		};
		5349A7922FA4CC2E0012EED6 /* XCRemoteSwiftPackageReference "AppsFlyerFramework" */ = {
			isa = XCRemoteSwiftPackageReference;
			repositoryURL = "https://github.com/AppsFlyerSDK/AppsFlyerFramework";
			requirement = {
				kind = upToNextMajorVersion;
				minimumVersion = 6.0.0;
			};
		};
/* End XCRemoteSwiftPackageReference section */

/* Begin XCSwiftPackageProductDependency section */
		5349A7A02FA4CC2E0012EED6 /* FirebaseCore */ = {
			isa = XCSwiftPackageProductDependency;
			package = 5349A7902FA4CC2E0012EED6 /* XCRemoteSwiftPackageReference "firebase-ios-sdk" */;
			productName = FirebaseCore;
		};
		5349A7A12FA4CC2E0012EED6 /* FirebaseCrashlytics */ = {
			isa = XCSwiftPackageProductDependency;
			package = 5349A7902FA4CC2E0012EED6 /* XCRemoteSwiftPackageReference "firebase-ios-sdk" */;
			productName = FirebaseCrashlytics;
		};
		5349A7A22FA4CC2E0012EED6 /* AmplitudeSwift */ = {
			isa = XCSwiftPackageProductDependency;
			package = 5349A7912FA4CC2E0012EED6 /* XCRemoteSwiftPackageReference "Amplitude-Swift" */;
			productName = AmplitudeSwift;
		};
		5349A7A32FA4CC2E0012EED6 /* AppsFlyerLib */ = {
			isa = XCSwiftPackageProductDependency;
			package = 5349A7922FA4CC2E0012EED6 /* XCRemoteSwiftPackageReference "AppsFlyerFramework" */;
			productName = AppsFlyerLib;
		};
		53701EBE2FB3767600A9A5E6 /* FirebaseMessaging */ = {
			isa = XCSwiftPackageProductDependency;
			package = 5349A7902FA4CC2E0012EED6 /* XCRemoteSwiftPackageReference "firebase-ios-sdk" */;
			productName = FirebaseMessaging;
		};
/* End XCSwiftPackageProductDependency section */
	};
	rootObject = 5349A76B2FA4CC2E0012EED5 /* Project object */;
}
